
Microsoft Visual Studio Solution File, Format Version 12.00
# Visual Studio 15
VisualStudioVersion = 15.0.28307.421
MinimumVisualStudioVersion = 10.0.40219.1
Project("{FAE04EC0-301F-11D3-BF4B-00C04F79EFBC}") = "SistemaComercio", "SistemaComercio\SistemaComercio.csproj", "{A36BB00A-B553-4814-BFAD-C92A6DAD0103}"
EndProject
Project("{FAE04EC0-301F-11D3-BF4B-00C04F79EFBC}") = "Dominio", "Dominio\Dominio.csproj", "{81DFB8E8-DAD9-4255-B393-299944FD7027}"
EndProject
Project("{FAE04EC0-301F-11D3-BF4B-00C04F79EFBC}") = "Negocio", "Negocio\Negocio.csproj", "{40AA19DB-53E5-4751-8CB7-CF85657143B8}"
EndProject
Project("{FAE04EC0-301F-11D3-BF4B-00C04F79EFBC}") = "AccesoDatos", "AccesoDatos\AccesoDatos.csproj", "{38D31C39-28E5-4733-9FC0-569E16E9B0ED}"
EndProject
Project("{FAE04EC0-301F-11D3-BF4B-00C04F79EFBC}") = "ESCALANTE_WEB", "ESCALANTE_WEB\ESCALANTE_WEB.csproj", "{061E90E9-770A-4877-B89A-42C582295A10}"
EndProject
Global
	GlobalSection(SolutionConfigurationPlatforms) = preSolution
		Debug|Any CPU = Debug|Any CPU
		Release|Any CPU = Release|Any CPU
	EndGlobalSection
	GlobalSection(ProjectConfigurationPlatforms) = postSolution
		{A36BB00A-B553-4814-BFAD-C92A6DAD0103}.Debug|Any CPU.ActiveCfg = Debug|Any CPU
		{A36BB00A-B553-4814-BFAD-C92A6DAD0103}.Debug|Any CPU.Build.0 = Debug|Any CPU
		{A36BB00A-B553-4814-BFAD-C92A6DAD0103}.Release|Any CPU.ActiveCfg = Release|Any CPU
		{A36BB00A-B553-4814-BFAD-C92A6DAD0103}.Release|Any CPU.Build.0 = Release|Any CPU
		{81DFB8E8-DAD9-4255-B393-299944FD7027}.Debug|Any CPU.ActiveCfg = Debug|Any CPU
		{81DFB8E8-DAD9-4255-B393-299944FD7027}.Debug|Any CPU.Build.0 = Debug|Any CPU
		{81DFB8E8-DAD9-4255-B393-299944FD7027}.Release|Any CPU.ActiveCfg = Release|Any CPU
		{81DFB8E8-DAD9-4255-B393-299944FD7027}.Release|Any CPU.Build.0 = Release|Any CPU
		{40AA19DB-53E5-4751-8CB7-CF85657143B8}.Debug|Any CPU.ActiveCfg = Debug|Any CPU
		{40AA19DB-53E5-4751-8CB7-CF85657143B8}.Debug|Any CPU.Build.0 = Debug|Any CPU
		{40AA19DB-53E5-4751-8CB7-CF85657143B8}.Release|Any CPU.ActiveCfg = Release|Any CPU
		{40AA19DB-53E5-4751-8CB7-CF85657143B8}.Release|Any CPU.Build.0 = Release|Any CPU
		{38D31C39-28E5-4733-9FC0-569E16E9B0ED}.Debug|Any CPU.ActiveCfg = Debug|Any CPU
		{38D31C39-28E5-4733-9FC0-569E16E9B0ED}.Debug|Any CPU.Build.0 = Debug|Any CPU
		{38D31C39-28E5-4733-9FC0-569E16E9B0ED}.Release|Any CPU.ActiveCfg = Release|Any CPU
		{38D31C39-28E5-4733-9FC0-569E16E9B0ED}.Release|Any CPU.Build.0 = Release|Any CPU
		{061E90E9-770A-4877-B89A-42C582295A10}.Debug|Any CPU.ActiveCfg = Debug|Any CPU
		{061E90E9-770A-4877-B89A-42C582295A10}.Debug|Any CPU.Build.0 = Debug|Any CPU
		{061E90E9-770A-4877-B89A-42C582295A10}.Release|Any CPU.ActiveCfg = Release|Any CPU
		{061E90E9-770A-4877-B89A-42C582295A10}.Release|Any CPU.Build.0 = Release|Any CPU
	EndGlobalSection
	GlobalSection(SolutionProperties) = preSolution
		HideSolutionNode = FALSE
	EndGlobalSection
	GlobalSection(ExtensibilityGlobals) = postSolution
		SolutionGuid = {146AB1CE-9BE0-4199-B868-C8478838B836}
	EndGlobalSection
EndGlobal
